
Microsoft Visual Studio Solution File, Format Version 12.00
# Visual Studio Version 16
VisualStudioVersion = 16.0.29509.3
MinimumVisualStudioVersion = 10.0.40219.1
Project("{FAE04EC0-301F-11D3-BF4B-00C04F79EFBC}") = "BenchmarkingStringBuilding", "BenchmarkingStringBuilding.csproj", "{DBC0138B-1A8C-4C88-92E1-303E44DF5FB5}"
EndProject
Global
	GlobalSection(SolutionConfigurationPlatforms) = preSolution
		Debug|Any CPU = Debug|Any CPU
		Release|Any CPU = Release|Any CPU
	EndGlobalSection
	GlobalSection(ProjectConfigurationPlatforms) = postSolution
		{DBC0138B-1A8C-4C88-92E1-303E44DF5FB5}.Debug|Any CPU.ActiveCfg = Debug|Any CPU
		{DBC0138B-1A8C-4C88-92E1-303E44DF5FB5}.Debug|Any CPU.Build.0 = Debug|Any CPU
		{DBC0138B-1A8C-4C88-92E1-303E44DF5FB5}.Release|Any CPU.ActiveCfg = Release|Any CPU
		{DBC0138B-1A8C-4C88-92E1-303E44DF5FB5}.Release|Any CPU.Build.0 = Release|Any CPU
	EndGlobalSection
	GlobalSection(SolutionProperties) = preSolution
		HideSolutionNode = FALSE
	EndGlobalSection
	GlobalSection(ExtensibilityGlobals) = postSolution
		SolutionGuid = {851F3E22-0E2B-4AA7-8254-222B9C41FD10}
	EndGlobalSection
EndGlobal
